<?xml version="1.0" encoding="UTF-8"?>
<Scheme
   LastUpgradeVersion = "1430"
   version = "1.7">
   <BuildAction
      parallelizeBuildables = "YES"
      buildImplicitDependencies = "YES"
      runPostActionsOnFailure = "NO">
      <BuildActionEntries>
         <BuildActionEntry
            buildForTesting = "YES"
            buildForRunning = "YES"
            buildForProfiling = "YES"
            buildForArchiving = "YES"
            buildForAnalyzing = "YES">
            <BuildableReference
               BuildableIdentifier = "primary"
               BlueprintIdentifier = "8680488DE01308A768C29F65"
               BuildableName = "PhalanxDuelClient.app"
               BlueprintName = "PhalanxDuelClient"
               ReferencedContainer = "container:PhalanxDuelClient.xcodeproj">
            </BuildableReference>
         </BuildActionEntry>
      </BuildActionEntries>
   </BuildAction>
   <TestAction
      buildConfiguration = "Debug"
      selectedDebuggerIdentifier = "Xcode.DebuggerFoundation.Debugger.LLDB"
      selectedLauncherIdentifier = "Xcode.DebuggerFoundation.Launcher.LLDB"
      shouldUseLaunchSchemeArgsEnv = "NO"
      onlyGenerateCoverageForSpecifiedTargets = "NO">
      <MacroExpansion>
         <BuildableReference
            BuildableIdentifier = "primary"
            BlueprintIdentifier = "8680488DE01308A768C29F65"
            BuildableName = "PhalanxDuelClient.app"
            BlueprintName = "PhalanxDuelClient"
            ReferencedContainer = "container:PhalanxDuelClient.xcodeproj">
         </BuildableReference>
      </MacroExpansion>
      <Testables>
         <TestableReference
            skipped = "NO"
            parallelizable = "NO">
            <BuildableReference
               BuildableIdentifier = "primary"
               BlueprintIdentifier = "2DC50558D9341E65316BACDF"
               BuildableName = "PhalanxDuelClientTests.xctest"
               BlueprintName = "PhalanxDuelClientTests"
               ReferencedContainer = "container:PhalanxDuelClient.xcodeproj">
            </BuildableReference>
         </TestableReference>
         <TestableReference
            skipped = "NO"
            parallelizable = "NO">
            <BuildableReference
               BuildableIdentifier = "primary"
               BlueprintIdentifier = "891C89FB998690CD9BE14C97"
               BuildableName = "PhalanxDuelClientUITests.xctest"
               BlueprintName = "PhalanxDuelClientUITests"
               ReferencedContainer = "container:PhalanxDuelClient.xcodeproj">
            </BuildableReference>
         </TestableReference>
      </Testables>
      <CommandLineArguments>
      </CommandLineArguments>
      <EnvironmentVariables>
         <EnvironmentVariable
            key = "PHALANX_DEBUG_LOG_PATH"
            value = "/Users/mike/github.com/phalanxduel/game-swiftui/.debug_session.log"
            isEnabled = "YES">
         </EnvironmentVariable>
         <EnvironmentVariable
            key = "PHALANX_VERBOSE_LOGGING"
            value = "true"
            isEnabled = "YES">
         </EnvironmentVariable>
      </EnvironmentVariables>
   </TestAction>
   <LaunchAction
      buildConfiguration = "Debug"
      selectedDebuggerIdentifier = "Xcode.DebuggerFoundation.Debugger.LLDB"
      selectedLauncherIdentifier = "Xcode.DebuggerFoundation.Launcher.LLDB"
      launchStyle = "0"
      useCustomWorkingDirectory = "NO"
      ignoresPersistentStateOnLaunch = "NO"
      debugDocumentVersioning = "YES"
      debugServiceExtension = "internal"
      allowLocationSimulation = "YES">
      <BuildableProductRunnable
         runnableDebuggingMode = "0">
         <BuildableReference
            BuildableIdentifier = "primary"
            BlueprintIdentifier = "8680488DE01308A768C29F65"
            BuildableName = "PhalanxDuelClient.app"
            BlueprintName = "PhalanxDuelClient"
            ReferencedContainer = "container:PhalanxDuelClient.xcodeproj">
         </BuildableReference>
      </BuildableProductRunnable>
      <CommandLineArguments>
      </CommandLineArguments>
      <EnvironmentVariables>
         <EnvironmentVariable
            key = "PHALANX_DEBUG_LOG_PATH"
            value = "/Users/mike/github.com/phalanxduel/game-swiftui/.debug_session.log"
            isEnabled = "YES">
         </EnvironmentVariable>
         <EnvironmentVariable
            key = "PHALANX_VERBOSE_LOGGING"
            value = "true"
            isEnabled = "YES">
         </EnvironmentVariable>
      </EnvironmentVariables>
   </LaunchAction>
   <ProfileAction
      buildConfiguration = "Release"
      shouldUseLaunchSchemeArgsEnv = "YES"
      savedToolIdentifier = ""
      useCustomWorkingDirectory = "NO"
      debugDocumentVersioning = "YES">
      <BuildableProductRunnable
         runnableDebuggingMode = "0">
         <BuildableReference
            BuildableIdentifier = "primary"
            BlueprintIdentifier = "8680488DE01308A768C29F65"
            BuildableName = "PhalanxDuelClient.app"
            BlueprintName = "PhalanxDuelClient"
            ReferencedContainer = "container:PhalanxDuelClient.xcodeproj">
         </BuildableReference>
      </BuildableProductRunnable>
   </ProfileAction>
   <AnalyzeAction
      buildConfiguration = "Debug">
   </AnalyzeAction>
   <ArchiveAction
      buildConfiguration = "Release"
      revealArchiveInOrganizer = "YES">
   </ArchiveAction>
</Scheme>
