// !$*UTF8*$!
{
	archiveVersion = 1;
	classes = {
	};
	objectVersion = 77;
	objects = {

/* Begin PBXBuildFile section */
		0376C447F1F5878D76EB5BD2 /* DebugLogEntry.swift in Sources */ = {isa = PBXBuildFile; fileRef = 742F243CE9C0E3C706FB9615 /* DebugLogEntry.swift */; };
		103934629DB5D24B7B2DCCE7 /* PhalanxDuelClientApp.swift in Sources */ = {isa = PBXBuildFile; fileRef = DBA71DCF521E63383064EE42 /* PhalanxDuelClientApp.swift */; };
		17D75B256FFF9E3CF5CD93FD /* SocialFeedView.swift in Sources */ = {isa = PBXBuildFile; fileRef = 1D4B242F152EBDAA0298FDA2 /* SocialFeedView.swift */; };
		22CF6EEFD77CACAD5755984A /* AutomationTests.swift in Sources */ = {isa = PBXBuildFile; fileRef = 9354C558376650FC7DC8FAC0 /* AutomationTests.swift */; };
		22F86FD1C53E1B338ACD5791 /* loadingTasks.1.png in Resources */ = {isa = PBXBuildFile; fileRef = D70AAFF5E7FA33DE9BC1165B /* loadingTasks.1.png */; };
		2AF55F6E8236114C36CC170C /* ServerConnectView.swift in Sources */ = {isa = PBXBuildFile; fileRef = 39B0DE50FFB8336A7B3CCF9D /* ServerConnectView.swift */; };
		31709710E4B889925392E239 /* LeaderboardView.swift in Sources */ = {isa = PBXBuildFile; fileRef = E0D61E35C90279246D72DC9D /* LeaderboardView.swift */; };
		3BF1593C01D50CE7D6406146 /* ReplayViewer.swift in Sources */ = {isa = PBXBuildFile; fileRef = 597EECFCCAE6B635991FBDA0 /* ReplayViewer.swift */; };
		4B46D12E93B640E7595BA909 /* HapticAndAudioEngine.swift in Sources */ = {isa = PBXBuildFile; fileRef = F1F62CF271730D057352C310 /* HapticAndAudioEngine.swift */; };
		4EAAF29C459E32DFF921D18B /* BootViewSnapshotTests.swift in Sources */ = {isa = PBXBuildFile; fileRef = C6D1D2B039C2D26143826F36 /* BootViewSnapshotTests.swift */; };
		53E416108DEE548918928E53 /* PhalanxDuelClientUITestsLaunchTests.swift in Sources */ = {isa = PBXBuildFile; fileRef = EBC128BF4313838631816C9D /* PhalanxDuelClientUITestsLaunchTests.swift */; };
		5AF23B257E0490ADE2318EC9 /* PhalanxDuelClientTests.swift in Sources */ = {isa = PBXBuildFile; fileRef = 8A9765EC158FBF894EC74266 /* PhalanxDuelClientTests.swift */; };
		5B4D26B6E2197006875877F5 /* AppTheme.swift in Sources */ = {isa = PBXBuildFile; fileRef = 3DA5F6EC93CB58EC6E20B337 /* AppTheme.swift */; };
		5C551FD637C11D72E53A7E72 /* PrivacyInfo.xcprivacy in Resources */ = {isa = PBXBuildFile; fileRef = FFBBBF361563DFE377D2E8F2 /* PrivacyInfo.xcprivacy */; };
		620D4865512C8FB08E3E06B2 /* SessionStore.swift in Sources */ = {isa = PBXBuildFile; fileRef = 93085BE6B8AEA17D145A6B86 /* SessionStore.swift */; };
		69518368C47C50BF12E2C1C2 /* StoreManager.swift in Sources */ = {isa = PBXBuildFile; fileRef = 1AF7A846D56066FC9E2C298B /* StoreManager.swift */; };
		6F3047914B51CE015B969BF8 /* Models.swift in Sources */ = {isa = PBXBuildFile; fileRef = 1D80A6563C130CD30B84AF58 /* Models.swift */; };
		7C8E3016D2D157074635979E /* Messages.swift in Sources */ = {isa = PBXBuildFile; fileRef = 30BDAA448BCF85ED461BA914 /* Messages.swift */; };
		7E453CA9246C5F0345475BC9 /* RestClient.swift in Sources */ = {isa = PBXBuildFile; fileRef = 67C0D880C5CCA25AAD686CA0 /* RestClient.swift */; };
		80E47716FF12C6DB6BFCC49D /* PhalanxStore.storekit in Resources */ = {isa = PBXBuildFile; fileRef = 6CB6B3ABFAEDEC184EDEC7C9 /* PhalanxStore.storekit */; };
		89E560B9834BD7169879AA20 /* PhalanxDuelClientUITests.swift in Sources */ = {isa = PBXBuildFile; fileRef = DBEEB59B88FA957075026CA4 /* PhalanxDuelClientUITests.swift */; };
		9608A6D680EA0E4482030DE4 /* PhxCardView.swift in Sources */ = {isa = PBXBuildFile; fileRef = E325B7C7913124B332C130B5 /* PhxCardView.swift */; };
		97661C541BCFB0DE2384877C /* BootView.swift in Sources */ = {isa = PBXBuildFile; fileRef = D0F9C9C140E543462833311D /* BootView.swift */; };
		99C4D3335695972B91050FF7 /* DebugLogView.swift in Sources */ = {isa = PBXBuildFile; fileRef = AC5015C0B9C012FFEB6681B6 /* DebugLogView.swift */; };
		B1B7D4D8400FC241AFF61CF9 /* MatchmakingQueueView.swift in Sources */ = {isa = PBXBuildFile; fileRef = F8324547FCD0F85B68E07CCE /* MatchmakingQueueView.swift */; };
		B85691E72D25E3F3CC815E81 /* ProfileView.swift in Sources */ = {isa = PBXBuildFile; fileRef = 1648344DD280E2DA2A77B749 /* ProfileView.swift */; };
		BD2BD8C3B8C25E9E4B814E11 /* Environment.swift in Sources */ = {isa = PBXBuildFile; fileRef = C172E323249F7A3C112DF481 /* Environment.swift */; };
		C176B577B839C4FFEEA164D5 /* GameSessionView.swift in Sources */ = {isa = PBXBuildFile; fileRef = 8FC1C65724125A7564235075 /* GameSessionView.swift */; };
		C710E2297D2D2FD2ABA1175E /* Assets.xcassets in Resources */ = {isa = PBXBuildFile; fileRef = AAA62E8F8CBBC9178DFCCA24 /* Assets.xcassets */; };
		C9A346C63A988D4BCF413B51 /* WebSocketClient.swift in Sources */ = {isa = PBXBuildFile; fileRef = 4DE40BD2333B3F349CCCDCDA /* WebSocketClient.swift */; };
		CADD77873ADE7A2EE5764CCB /* GameTableView.swift in Sources */ = {isa = PBXBuildFile; fileRef = B14CA0883EBC2B1CBC4EA897 /* GameTableView.swift */; };
		CFB5906A833B90120ED17F74 /* SnapshotTesting in Frameworks */ = {isa = PBXBuildFile; productRef = 476C4094C223A550BE5C7743 /* SnapshotTesting */; };
		D36599C384C1BBCDCFC2F9DA /* StoreView.swift in Sources */ = {isa = PBXBuildFile; fileRef = 2B912E356ADCCD638F5689FF /* StoreView.swift */; };
		D55E56A7B9C0407BB2E063AC /* ContentView.swift in Sources */ = {isa = PBXBuildFile; fileRef = 86350352A91B17BF0E3DD1AF /* ContentView.swift */; };
		D69A0C8B6CDA0594878973DB /* failureState.1.png in Resources */ = {isa = PBXBuildFile; fileRef = 701C5A4B27B0F7073511428F /* failureState.1.png */; };
		D79C023B31909DA81C5F7682 /* CombatBannerView.swift in Sources */ = {isa = PBXBuildFile; fileRef = BAD63D61EAED5CD489E8E838 /* CombatBannerView.swift */; };
		DB4FC9EAE04A63501F3BB246 /* ContractCoding.swift in Sources */ = {isa = PBXBuildFile; fileRef = 070A7A62DEE25FF83A1E9A72 /* ContractCoding.swift */; };
		E69BAF282CB559D5AB64C41E /* initialState.1.png in Resources */ = {isa = PBXBuildFile; fileRef = 3E966B1EC816D5042CB5AF0B /* initialState.1.png */; };
		FC68161CF99773DF67BC6AB0 /* GameStateModels.swift in Sources */ = {isa = PBXBuildFile; fileRef = 5ED6D6700B6E565DB0DFB9D6 /* GameStateModels.swift */; };
/* End PBXBuildFile section */

/* Begin PBXContainerItemProxy section */
		4D154F5DF7178A02004F8771 /* PBXContainerItemProxy */ = {
			isa = PBXContainerItemProxy;
			containerPortal = 036ACBE9AEBE9135C65E687F /* Project object */;
			proxyType = 1;
			remoteGlobalIDString = 8680488DE01308A768C29F65;
			remoteInfo = PhalanxDuelClient;
		};
		77F52A2C2C764FA84F4ECFEB /* PBXContainerItemProxy */ = {
			isa = PBXContainerItemProxy;
			containerPortal = 036ACBE9AEBE9135C65E687F /* Project object */;
			proxyType = 1;
			remoteGlobalIDString = 8680488DE01308A768C29F65;
			remoteInfo = PhalanxDuelClient;
		};
/* End PBXContainerItemProxy section */

/* Begin PBXFileReference section */
		070A7A62DEE25FF83A1E9A72 /* ContractCoding.swift */ = {isa = PBXFileReference; lastKnownFileType = sourcecode.swift; path = ContractCoding.swift; sourceTree = "<group>"; };
		1648344DD280E2DA2A77B749 /* ProfileView.swift */ = {isa = PBXFileReference; lastKnownFileType = sourcecode.swift; path = ProfileView.swift; sourceTree = "<group>"; };
		1AF7A846D56066FC9E2C298B /* StoreManager.swift */ = {isa = PBXFileReference; lastKnownFileType = sourcecode.swift; path = StoreManager.swift; sourceTree = "<group>"; };
		1D4B242F152EBDAA0298FDA2 /* SocialFeedView.swift */ = {isa = PBXFileReference; lastKnownFileType = sourcecode.swift; path = SocialFeedView.swift; sourceTree = "<group>"; };
		1D80A6563C130CD30B84AF58 /* Models.swift */ = {isa = PBXFileReference; lastKnownFileType = sourcecode.swift; path = Models.swift; sourceTree = "<group>"; };
		2B912E356ADCCD638F5689FF /* StoreView.swift */ = {isa = PBXFileReference; lastKnownFileType = sourcecode.swift; path = StoreView.swift; sourceTree = "<group>"; };
		30BDAA448BCF85ED461BA914 /* Messages.swift */ = {isa = PBXFileReference; lastKnownFileType = sourcecode.swift; path = Messages.swift; sourceTree = "<group>"; };
		39B0DE50FFB8336A7B3CCF9D /* ServerConnectView.swift */ = {isa = PBXFileReference; lastKnownFileType = sourcecode.swift; path = ServerConnectView.swift; sourceTree = "<group>"; };
		3DA5F6EC93CB58EC6E20B337 /* AppTheme.swift */ = {isa = PBXFileReference; lastKnownFileType = sourcecode.swift; path = AppTheme.swift; sourceTree = "<group>"; };
		3E966B1EC816D5042CB5AF0B /* initialState.1.png */ = {isa = PBXFileReference; lastKnownFileType = image.png; path = initialState.1.png; sourceTree = "<group>"; };
		4DE40BD2333B3F349CCCDCDA /* WebSocketClient.swift */ = {isa = PBXFileReference; lastKnownFileType = sourcecode.swift; path = WebSocketClient.swift; sourceTree = "<group>"; };
		597EECFCCAE6B635991FBDA0 /* ReplayViewer.swift */ = {isa = PBXFileReference; lastKnownFileType = sourcecode.swift; path = ReplayViewer.swift; sourceTree = "<group>"; };
		5ED6D6700B6E565DB0DFB9D6 /* GameStateModels.swift */ = {isa = PBXFileReference; lastKnownFileType = sourcecode.swift; path = GameStateModels.swift; sourceTree = "<group>"; };
		67C0D880C5CCA25AAD686CA0 /* RestClient.swift */ = {isa = PBXFileReference; lastKnownFileType = sourcecode.swift; path = RestClient.swift; sourceTree = "<group>"; };
		6CB6B3ABFAEDEC184EDEC7C9 /* PhalanxStore.storekit */ = {isa = PBXFileReference; path = PhalanxStore.storekit; sourceTree = "<group>"; };
		701C5A4B27B0F7073511428F /* failureState.1.png */ = {isa = PBXFileReference; lastKnownFileType = image.png; path = failureState.1.png; sourceTree = "<group>"; };
		742F243CE9C0E3C706FB9615 /* DebugLogEntry.swift */ = {isa = PBXFileReference; lastKnownFileType = sourcecode.swift; path = DebugLogEntry.swift; sourceTree = "<group>"; };
		86350352A91B17BF0E3DD1AF /* ContentView.swift */ = {isa = PBXFileReference; lastKnownFileType = sourcecode.swift; path = ContentView.swift; sourceTree = "<group>"; };
		8A9765EC158FBF894EC74266 /* PhalanxDuelClientTests.swift */ = {isa = PBXFileReference; lastKnownFileType = sourcecode.swift; path = PhalanxDuelClientTests.swift; sourceTree = "<group>"; };
		8FC1C65724125A7564235075 /* GameSessionView.swift */ = {isa = PBXFileReference; lastKnownFileType = sourcecode.swift; path = GameSessionView.swift; sourceTree = "<group>"; };
		93085BE6B8AEA17D145A6B86 /* SessionStore.swift */ = {isa = PBXFileReference; lastKnownFileType = sourcecode.swift; path = SessionStore.swift; sourceTree = "<group>"; };
		9354C558376650FC7DC8FAC0 /* AutomationTests.swift */ = {isa = PBXFileReference; lastKnownFileType = sourcecode.swift; path = AutomationTests.swift; sourceTree = "<group>"; };
		AA31817998A4CD49E5B5081F /* PhalanxDuelClient.app */ = {isa = PBXFileReference; explicitFileType = wrapper.application; includeInIndex = 0; path = PhalanxDuelClient.app; sourceTree = BUILT_PRODUCTS_DIR; };
		AAA62E8F8CBBC9178DFCCA24 /* Assets.xcassets */ = {isa = PBXFileReference; lastKnownFileType = folder.assetcatalog; path = Assets.xcassets; sourceTree = "<group>"; };
		AC5015C0B9C012FFEB6681B6 /* DebugLogView.swift */ = {isa = PBXFileReference; lastKnownFileType = sourcecode.swift; path = DebugLogView.swift; sourceTree = "<group>"; };
		B14CA0883EBC2B1CBC4EA897 /* GameTableView.swift */ = {isa = PBXFileReference; lastKnownFileType = sourcecode.swift; path = GameTableView.swift; sourceTree = "<group>"; };
		BAD63D61EAED5CD489E8E838 /* CombatBannerView.swift */ = {isa = PBXFileReference; lastKnownFileType = sourcecode.swift; path = CombatBannerView.swift; sourceTree = "<group>"; };
		C172E323249F7A3C112DF481 /* Environment.swift */ = {isa = PBXFileReference; lastKnownFileType = sourcecode.swift; path = Environment.swift; sourceTree = "<group>"; };
		C6D1D2B039C2D26143826F36 /* BootViewSnapshotTests.swift */ = {isa = PBXFileReference; lastKnownFileType = sourcecode.swift; path = BootViewSnapshotTests.swift; sourceTree = "<group>"; };
		D0F9C9C140E543462833311D /* BootView.swift */ = {isa = PBXFileReference; lastKnownFileType = sourcecode.swift; path = BootView.swift; sourceTree = "<group>"; };
		D3B525CA5CB9B66D4EBFCCCE /* PhalanxDuelClientUITests.xctest */ = {isa = PBXFileReference; explicitFileType = wrapper.cfbundle; includeInIndex = 0; path = PhalanxDuelClientUITests.xctest; sourceTree = BUILT_PRODUCTS_DIR; };
		D70AAFF5E7FA33DE9BC1165B /* loadingTasks.1.png */ = {isa = PBXFileReference; lastKnownFileType = image.png; path = loadingTasks.1.png; sourceTree = "<group>"; };
		D9E1233DFC6A64CECC0F82A8 /* PhalanxDuelClientTests.xctest */ = {isa = PBXFileReference; explicitFileType = wrapper.cfbundle; includeInIndex = 0; path = PhalanxDuelClientTests.xctest; sourceTree = BUILT_PRODUCTS_DIR; };
		DBA71DCF521E63383064EE42 /* PhalanxDuelClientApp.swift */ = {isa = PBXFileReference; lastKnownFileType = sourcecode.swift; path = PhalanxDuelClientApp.swift; sourceTree = "<group>"; };
		DBEEB59B88FA957075026CA4 /* PhalanxDuelClientUITests.swift */ = {isa = PBXFileReference; lastKnownFileType = sourcecode.swift; path = PhalanxDuelClientUITests.swift; sourceTree = "<group>"; };
		E0D61E35C90279246D72DC9D /* LeaderboardView.swift */ = {isa = PBXFileReference; lastKnownFileType = sourcecode.swift; path = LeaderboardView.swift; sourceTree = "<group>"; };
		E325B7C7913124B332C130B5 /* PhxCardView.swift */ = {isa = PBXFileReference; lastKnownFileType = sourcecode.swift; path = PhxCardView.swift; sourceTree = "<group>"; };
		EBC128BF4313838631816C9D /* PhalanxDuelClientUITestsLaunchTests.swift */ = {isa = PBXFileReference; lastKnownFileType = sourcecode.swift; path = PhalanxDuelClientUITestsLaunchTests.swift; sourceTree = "<group>"; };
		F1F62CF271730D057352C310 /* HapticAndAudioEngine.swift */ = {isa = PBXFileReference; lastKnownFileType = sourcecode.swift; path = HapticAndAudioEngine.swift; sourceTree = "<group>"; };
		F8324547FCD0F85B68E07CCE /* MatchmakingQueueView.swift */ = {isa = PBXFileReference; lastKnownFileType = sourcecode.swift; path = MatchmakingQueueView.swift; sourceTree = "<group>"; };
		FFBBBF361563DFE377D2E8F2 /* PrivacyInfo.xcprivacy */ = {isa = PBXFileReference; path = PrivacyInfo.xcprivacy; sourceTree = "<group>"; };
/* End PBXFileReference section */

/* Begin PBXFrameworksBuildPhase section */
		975A7A8D76B036556860EB9F /* Frameworks */ = {
			isa = PBXFrameworksBuildPhase;
			buildActionMask = 2147483647;
			files = (
				CFB5906A833B90120ED17F74 /* SnapshotTesting in Frameworks */,
			);
			runOnlyForDeploymentPostprocessing = 0;
		};
/* End PBXFrameworksBuildPhase section */

/* Begin PBXGroup section */
		0BDE6264BAB4475D5F69E113 /* BootViewSnapshotTests */ = {
			isa = PBXGroup;
			children = (
				701C5A4B27B0F7073511428F /* failureState.1.png */,
				3E966B1EC816D5042CB5AF0B /* initialState.1.png */,
				D70AAFF5E7FA33DE9BC1165B /* loadingTasks.1.png */,
			);
			path = BootViewSnapshotTests;
			sourceTree = "<group>";
		};
		0F4965E0E0BF5D26110415E6 /* App */ = {
			isa = PBXGroup;
			children = (
				DBA71DCF521E63383064EE42 /* PhalanxDuelClientApp.swift */,
			);
			path = App;
			sourceTree = "<group>";
		};
		1A32FAD2B629CB4966893B02 /* PhalanxDuelClientTests */ = {
			isa = PBXGroup;
			children = (
				C6D1D2B039C2D26143826F36 /* BootViewSnapshotTests.swift */,
				8A9765EC158FBF894EC74266 /* PhalanxDuelClientTests.swift */,
				40D0A0917254DBFC7C09AC09 /* __Snapshots__ */,
			);
			path = PhalanxDuelClientTests;
			sourceTree = "<group>";
		};
		230345AF6AAB6314D5A6696A /* Products */ = {
			isa = PBXGroup;
			children = (
				AA31817998A4CD49E5B5081F /* PhalanxDuelClient.app */,
				D9E1233DFC6A64CECC0F82A8 /* PhalanxDuelClientTests.xctest */,
				D3B525CA5CB9B66D4EBFCCCE /* PhalanxDuelClientUITests.xctest */,
			);
			name = Products;
			sourceTree = "<group>";
		};
		2B77844104C743A91FCE4553 /* Networking */ = {
			isa = PBXGroup;
			children = (
				C172E323249F7A3C112DF481 /* Environment.swift */,
				67C0D880C5CCA25AAD686CA0 /* RestClient.swift */,
				4DE40BD2333B3F349CCCDCDA /* WebSocketClient.swift */,
			);
			path = Networking;
			sourceTree = "<group>";
		};
		3BF88168A8CC549BC2F8780C /* PhalanxDuelClient */ = {
			isa = PBXGroup;
			children = (
				AAA62E8F8CBBC9178DFCCA24 /* Assets.xcassets */,
				6CB6B3ABFAEDEC184EDEC7C9 /* PhalanxStore.storekit */,
				FFBBBF361563DFE377D2E8F2 /* PrivacyInfo.xcprivacy */,
				0F4965E0E0BF5D26110415E6 /* App */,
				EBE20FD8D38AF165A2196FD1 /* Debug */,
				B62A1374EE5C60C13245084E /* Domain */,
				8DF0015B84815D86272BED23 /* GameState */,
				2B77844104C743A91FCE4553 /* Networking */,
				8E3A7E42CCF154FD78295CB1 /* UI */,
			);
			path = PhalanxDuelClient;
			sourceTree = "<group>";
		};
		40911D016F9501EF2155AAB6 = {
			isa = PBXGroup;
			children = (
				3BF88168A8CC549BC2F8780C /* PhalanxDuelClient */,
				1A32FAD2B629CB4966893B02 /* PhalanxDuelClientTests */,
				EF7B2FEB50885402B490CEE6 /* PhalanxDuelClientUITests */,
				230345AF6AAB6314D5A6696A /* Products */,
			);
			sourceTree = "<group>";
		};
		40D0A0917254DBFC7C09AC09 /* __Snapshots__ */ = {
			isa = PBXGroup;
			children = (
				0BDE6264BAB4475D5F69E113 /* BootViewSnapshotTests */,
			);
			path = __Snapshots__;
			sourceTree = "<group>";
		};
		8DF0015B84815D86272BED23 /* GameState */ = {
			isa = PBXGroup;
			children = (
				93085BE6B8AEA17D145A6B86 /* SessionStore.swift */,
			);
			path = GameState;
			sourceTree = "<group>";
		};
		8E3A7E42CCF154FD78295CB1 /* UI */ = {
			isa = PBXGroup;
			children = (
				3DA5F6EC93CB58EC6E20B337 /* AppTheme.swift */,
				D0F9C9C140E543462833311D /* BootView.swift */,
				BAD63D61EAED5CD489E8E838 /* CombatBannerView.swift */,
				86350352A91B17BF0E3DD1AF /* ContentView.swift */,
				AC5015C0B9C012FFEB6681B6 /* DebugLogView.swift */,
				8FC1C65724125A7564235075 /* GameSessionView.swift */,
				B14CA0883EBC2B1CBC4EA897 /* GameTableView.swift */,
				F1F62CF271730D057352C310 /* HapticAndAudioEngine.swift */,
				E0D61E35C90279246D72DC9D /* LeaderboardView.swift */,
				F8324547FCD0F85B68E07CCE /* MatchmakingQueueView.swift */,
				E325B7C7913124B332C130B5 /* PhxCardView.swift */,
				1648344DD280E2DA2A77B749 /* ProfileView.swift */,
				597EECFCCAE6B635991FBDA0 /* ReplayViewer.swift */,
				39B0DE50FFB8336A7B3CCF9D /* ServerConnectView.swift */,
				1D4B242F152EBDAA0298FDA2 /* SocialFeedView.swift */,
				2B912E356ADCCD638F5689FF /* StoreView.swift */,
			);
			path = UI;
			sourceTree = "<group>";
		};
		B62A1374EE5C60C13245084E /* Domain */ = {
			isa = PBXGroup;
			children = (
				070A7A62DEE25FF83A1E9A72 /* ContractCoding.swift */,
				5ED6D6700B6E565DB0DFB9D6 /* GameStateModels.swift */,
				30BDAA448BCF85ED461BA914 /* Messages.swift */,
				1D80A6563C130CD30B84AF58 /* Models.swift */,
				1AF7A846D56066FC9E2C298B /* StoreManager.swift */,
			);
			path = Domain;
			sourceTree = "<group>";
		};
		EBE20FD8D38AF165A2196FD1 /* Debug */ = {
			isa = PBXGroup;
			children = (
				742F243CE9C0E3C706FB9615 /* DebugLogEntry.swift */,
			);
			path = Debug;
			sourceTree = "<group>";
		};
		EF7B2FEB50885402B490CEE6 /* PhalanxDuelClientUITests */ = {
			isa = PBXGroup;
			children = (
				9354C558376650FC7DC8FAC0 /* AutomationTests.swift */,
				DBEEB59B88FA957075026CA4 /* PhalanxDuelClientUITests.swift */,
				EBC128BF4313838631816C9D /* PhalanxDuelClientUITestsLaunchTests.swift */,
			);
			path = PhalanxDuelClientUITests;
			sourceTree = "<group>";
		};
/* End PBXGroup section */

/* Begin PBXNativeTarget section */
		2DC50558D9341E65316BACDF /* PhalanxDuelClientTests */ = {
			isa = PBXNativeTarget;
			buildConfigurationList = 35B26D03B246CD7B591B6224 /* Build configuration list for PBXNativeTarget "PhalanxDuelClientTests" */;
			buildPhases = (
				90617436EB994F305FA1E393 /* Sources */,
				161FBDF1E4339140D3734A1A /* Resources */,
				975A7A8D76B036556860EB9F /* Frameworks */,
			);
			buildRules = (
			);
			dependencies = (
				C97446400088AD112C9C0BCB /* PBXTargetDependency */,
			);
			name = PhalanxDuelClientTests;
			packageProductDependencies = (
				476C4094C223A550BE5C7743 /* SnapshotTesting */,
			);
			productName = PhalanxDuelClientTests;
			productReference = D9E1233DFC6A64CECC0F82A8 /* PhalanxDuelClientTests.xctest */;
			productType = "com.apple.product-type.bundle.unit-test";
		};
		8680488DE01308A768C29F65 /* PhalanxDuelClient */ = {
			isa = PBXNativeTarget;
			buildConfigurationList = 9119E93084C3FCE1DA4B912D /* Build configuration list for PBXNativeTarget "PhalanxDuelClient" */;
			buildPhases = (
				7830FCFD9820EAEA935351AF /* Sources */,
				4A3171027328E69565A55A0F /* Resources */,
			);
			buildRules = (
			);
			dependencies = (
			);
			name = PhalanxDuelClient;
			packageProductDependencies = (
			);
			productName = PhalanxDuelClient;
			productReference = AA31817998A4CD49E5B5081F /* PhalanxDuelClient.app */;
			productType = "com.apple.product-type.application";
		};
		891C89FB998690CD9BE14C97 /* PhalanxDuelClientUITests */ = {
			isa = PBXNativeTarget;
			buildConfigurationList = 65A59B84F571D4BB579D2252 /* Build configuration list for PBXNativeTarget "PhalanxDuelClientUITests" */;
			buildPhases = (
				5CA0CBE3AE6E5A66213E96B6 /* Sources */,
			);
			buildRules = (
			);
			dependencies = (
				AECA694543E53140C1F0DA98 /* PBXTargetDependency */,
			);
			name = PhalanxDuelClientUITests;
			packageProductDependencies = (
			);
			productName = PhalanxDuelClientUITests;
			productReference = D3B525CA5CB9B66D4EBFCCCE /* PhalanxDuelClientUITests.xctest */;
			productType = "com.apple.product-type.bundle.ui-testing";
		};
/* End PBXNativeTarget section */

/* Begin PBXProject section */
		036ACBE9AEBE9135C65E687F /* Project object */ = {
			isa = PBXProject;
			attributes = {
				BuildIndependentTargetsInParallel = YES;
				LastUpgradeCheck = 1430;
				TargetAttributes = {
					8680488DE01308A768C29F65 = {
						DevelopmentTeam = "";
					};
					891C89FB998690CD9BE14C97 = {
						TestTargetID = 8680488DE01308A768C29F65;
					};
				};
			};
			buildConfigurationList = E4A46F412B0E8B605CE55ED8 /* Build configuration list for PBXProject "PhalanxDuelClient" */;
			developmentRegion = en;
			hasScannedForEncodings = 0;
			knownRegions = (
				Base,
				en,
			);
			mainGroup = 40911D016F9501EF2155AAB6;
			minimizedProjectReferenceProxies = 1;
			packageReferences = (
				316E0C05087ABDEC370582D7 /* XCRemoteSwiftPackageReference "swift-snapshot-testing" */,
			);
			preferredProjectObjectVersion = 77;
			productRefGroup = 230345AF6AAB6314D5A6696A /* Products */;
			projectDirPath = "";
			projectRoot = "";
			targets = (
				8680488DE01308A768C29F65 /* PhalanxDuelClient */,
				2DC50558D9341E65316BACDF /* PhalanxDuelClientTests */,
				891C89FB998690CD9BE14C97 /* PhalanxDuelClientUITests */,
			);
		};
/* End PBXProject section */

/* Begin PBXResourcesBuildPhase section */
		161FBDF1E4339140D3734A1A /* Resources */ = {
			isa = PBXResourcesBuildPhase;
			buildActionMask = 2147483647;
			files = (
				D69A0C8B6CDA0594878973DB /* failureState.1.png in Resources */,
				E69BAF282CB559D5AB64C41E /* initialState.1.png in Resources */,
				22F86FD1C53E1B338ACD5791 /* loadingTasks.1.png in Resources */,
			);
			runOnlyForDeploymentPostprocessing = 0;
		};
		4A3171027328E69565A55A0F /* Resources */ = {
			isa = PBXResourcesBuildPhase;
			buildActionMask = 2147483647;
			files = (
				C710E2297D2D2FD2ABA1175E /* Assets.xcassets in Resources */,
				80E47716FF12C6DB6BFCC49D /* PhalanxStore.storekit in Resources */,
				5C551FD637C11D72E53A7E72 /* PrivacyInfo.xcprivacy in Resources */,
			);
			runOnlyForDeploymentPostprocessing = 0;
		};
/* End PBXResourcesBuildPhase section */

/* Begin PBXSourcesBuildPhase section */
		5CA0CBE3AE6E5A66213E96B6 /* Sources */ = {
			isa = PBXSourcesBuildPhase;
			buildActionMask = 2147483647;
			files = (
				22CF6EEFD77CACAD5755984A /* AutomationTests.swift in Sources */,
				89E560B9834BD7169879AA20 /* PhalanxDuelClientUITests.swift in Sources */,
				53E416108DEE548918928E53 /* PhalanxDuelClientUITestsLaunchTests.swift in Sources */,
			);
			runOnlyForDeploymentPostprocessing = 0;
		};
		7830FCFD9820EAEA935351AF /* Sources */ = {
			isa = PBXSourcesBuildPhase;
			buildActionMask = 2147483647;
			files = (
				5B4D26B6E2197006875877F5 /* AppTheme.swift in Sources */,
				97661C541BCFB0DE2384877C /* BootView.swift in Sources */,
				D79C023B31909DA81C5F7682 /* CombatBannerView.swift in Sources */,
				D55E56A7B9C0407BB2E063AC /* ContentView.swift in Sources */,
				DB4FC9EAE04A63501F3BB246 /* ContractCoding.swift in Sources */,
				0376C447F1F5878D76EB5BD2 /* DebugLogEntry.swift in Sources */,
				99C4D3335695972B91050FF7 /* DebugLogView.swift in Sources */,
				BD2BD8C3B8C25E9E4B814E11 /* Environment.swift in Sources */,
				C176B577B839C4FFEEA164D5 /* GameSessionView.swift in Sources */,
				FC68161CF99773DF67BC6AB0 /* GameStateModels.swift in Sources */,
				CADD77873ADE7A2EE5764CCB /* GameTableView.swift in Sources */,
				4B46D12E93B640E7595BA909 /* HapticAndAudioEngine.swift in Sources */,
				31709710E4B889925392E239 /* LeaderboardView.swift in Sources */,
				B1B7D4D8400FC241AFF61CF9 /* MatchmakingQueueView.swift in Sources */,
				7C8E3016D2D157074635979E /* Messages.swift in Sources */,
				6F3047914B51CE015B969BF8 /* Models.swift in Sources */,
				103934629DB5D24B7B2DCCE7 /* PhalanxDuelClientApp.swift in Sources */,
				9608A6D680EA0E4482030DE4 /* PhxCardView.swift in Sources */,
				B85691E72D25E3F3CC815E81 /* ProfileView.swift in Sources */,
				3BF1593C01D50CE7D6406146 /* ReplayViewer.swift in Sources */,
				7E453CA9246C5F0345475BC9 /* RestClient.swift in Sources */,
				2AF55F6E8236114C36CC170C /* ServerConnectView.swift in Sources */,
				620D4865512C8FB08E3E06B2 /* SessionStore.swift in Sources */,
				17D75B256FFF9E3CF5CD93FD /* SocialFeedView.swift in Sources */,
				69518368C47C50BF12E2C1C2 /* StoreManager.swift in Sources */,
				D36599C384C1BBCDCFC2F9DA /* StoreView.swift in Sources */,
				C9A346C63A988D4BCF413B51 /* WebSocketClient.swift in Sources */,
			);
			runOnlyForDeploymentPostprocessing = 0;
		};
		90617436EB994F305FA1E393 /* Sources */ = {
			isa = PBXSourcesBuildPhase;
			buildActionMask = 2147483647;
			files = (
				4EAAF29C459E32DFF921D18B /* BootViewSnapshotTests.swift in Sources */,
				5AF23B257E0490ADE2318EC9 /* PhalanxDuelClientTests.swift in Sources */,
			);
			runOnlyForDeploymentPostprocessing = 0;
		};
/* End PBXSourcesBuildPhase section */

/* Begin PBXTargetDependency section */
		AECA694543E53140C1F0DA98 /* PBXTargetDependency */ = {
			isa = PBXTargetDependency;
			target = 8680488DE01308A768C29F65 /* PhalanxDuelClient */;
			targetProxy = 77F52A2C2C764FA84F4ECFEB /* PBXContainerItemProxy */;
		};
		C97446400088AD112C9C0BCB /* PBXTargetDependency */ = {
			isa = PBXTargetDependency;
			target = 8680488DE01308A768C29F65 /* PhalanxDuelClient */;
			targetProxy = 4D154F5DF7178A02004F8771 /* PBXContainerItemProxy */;
		};
/* End PBXTargetDependency section */

/* Begin XCBuildConfiguration section */
		076CF2CF628849F2F826EDAF /* Debug */ = {
			isa = XCBuildConfiguration;
			buildSettings = {
				BUNDLE_LOADER = "$(TEST_HOST)";
				COMBINE_HIDPI_IMAGES = YES;
				GENERATE_INFOPLIST_FILE = YES;
				LD_RUNPATH_SEARCH_PATHS = (
					"$(inherited)",
					"@executable_path/Frameworks",
					"@loader_path/Frameworks",
				);
				MACOSX_DEPLOYMENT_TARGET = 14.0;
				PRODUCT_BUNDLE_IDENTIFIER = com.phalanxduel.PhalanxDuelClientUITests;
				SDKROOT = macosx;
				TEST_TARGET_NAME = PhalanxDuelClient;
			};
			name = Debug;
		};
		25071BC5D04677D24DE952B7 /* Release */ = {
			isa = XCBuildConfiguration;
			buildSettings = {
				ASSETCATALOG_COMPILER_APPICON_NAME = AppIcon;
				ASSETCATALOG_COMPILER_GLOBAL_ACCENT_COLOR_NAME = AccentColor;
				COMBINE_HIDPI_IMAGES = YES;
				DEVELOPMENT_TEAM = "";
				ENABLE_USER_SCRIPT_SANDBOXING = YES;
				GENERATE_INFOPLIST_FILE = YES;
				INFOPLIST_KEY_UIApplicationSceneManifest_Generation = YES;
				INFOPLIST_KEY_UILaunchScreen_Generation = YES;
				LD_RUNPATH_SEARCH_PATHS = (
					"$(inherited)",
					"@executable_path/../Frameworks",
				);
				LOCALIZATION_PREFERS_STRING_CATALOGS = YES;
				MACOSX_DEPLOYMENT_TARGET = 14.0;
				PRODUCT_BUNDLE_IDENTIFIER = com.phalanxduel.PhalanxDuelClient;
				SDKROOT = macosx;
			};
			name = Release;
		};
		6DA8F7C9D881F1706AE88FAF /* Debug */ = {
			isa = XCBuildConfiguration;
			buildSettings = {
				ASSETCATALOG_COMPILER_APPICON_NAME = AppIcon;
				ASSETCATALOG_COMPILER_GLOBAL_ACCENT_COLOR_NAME = AccentColor;
				COMBINE_HIDPI_IMAGES = YES;
				DEVELOPMENT_TEAM = "";
				ENABLE_USER_SCRIPT_SANDBOXING = YES;
				GENERATE_INFOPLIST_FILE = YES;
				INFOPLIST_KEY_UIApplicationSceneManifest_Generation = YES;
				INFOPLIST_KEY_UILaunchScreen_Generation = YES;
				LD_RUNPATH_SEARCH_PATHS = (
					"$(inherited)",
					"@executable_path/../Frameworks",
				);
				LOCALIZATION_PREFERS_STRING_CATALOGS = YES;
				MACOSX_DEPLOYMENT_TARGET = 14.0;
				PRODUCT_BUNDLE_IDENTIFIER = com.phalanxduel.PhalanxDuelClient;
				SDKROOT = macosx;
			};
			name = Debug;
		};
		79C2896248B3037CD11FF9E9 /* Release */ = {
			isa = XCBuildConfiguration;
			buildSettings = {
				ALWAYS_SEARCH_USER_PATHS = NO;
				CLANG_ANALYZER_NONNULL = YES;
				CLANG_ANALYZER_NUMBER_OBJECT_CONVERSION = YES_AGGRESSIVE;
				CLANG_CXX_LANGUAGE_STANDARD = "gnu++14";
				CLANG_CXX_LIBRARY = "libc++";
				CLANG_ENABLE_MODULES = YES;
				CLANG_ENABLE_OBJC_ARC = YES;
				CLANG_ENABLE_OBJC_WEAK = YES;
				CLANG_WARN_BLOCK_CAPTURE_AUTORELEASING = YES;
				CLANG_WARN_BOOL_CONVERSION = YES;
				CLANG_WARN_COMMA = YES;
				CLANG_WARN_CONSTANT_CONVERSION = YES;
				CLANG_WARN_DEPRECATED_OBJC_IMPLEMENTATIONS = YES;
				CLANG_WARN_DIRECT_OBJC_ISA_USAGE = YES_ERROR;
				CLANG_WARN_DOCUMENTATION_COMMENTS = YES;
				CLANG_WARN_EMPTY_BODY = YES;
				CLANG_WARN_ENUM_CONVERSION = YES;
				CLANG_WARN_INFINITE_RECURSION = YES;
				CLANG_WARN_INT_CONVERSION = YES;
				CLANG_WARN_NON_LITERAL_NULL_CONVERSION = YES;
				CLANG_WARN_OBJC_IMPLICIT_RETAIN_SELF = YES;
				CLANG_WARN_OBJC_LITERAL_CONVERSION = YES;
				CLANG_WARN_OBJC_ROOT_CLASS = YES_ERROR;
				CLANG_WARN_QUOTED_INCLUDE_IN_FRAMEWORK_HEADER = YES;
				CLANG_WARN_RANGE_LOOP_ANALYSIS = YES;
				CLANG_WARN_STRICT_PROTOTYPES = YES;
				CLANG_WARN_SUSPICIOUS_MOVE = YES;
				CLANG_WARN_UNGUARDED_AVAILABILITY = YES_AGGRESSIVE;
				CLANG_WARN_UNREACHABLE_CODE = YES;
				CLANG_WARN__DUPLICATE_METHOD_MATCH = YES;
				COPY_PHASE_STRIP = NO;
				DEBUG_INFORMATION_FORMAT = "dwarf-with-dsym";
				ENABLE_NS_ASSERTIONS = NO;
				ENABLE_STRICT_OBJC_MSGSEND = YES;
				GCC_C_LANGUAGE_STANDARD = gnu11;
				GCC_NO_COMMON_BLOCKS = YES;
				GCC_WARN_64_TO_32_BIT_CONVERSION = YES;
				GCC_WARN_ABOUT_RETURN_TYPE = YES_ERROR;
				GCC_WARN_UNDECLARED_SELECTOR = YES;
				GCC_WARN_UNINITIALIZED_AUTOS = YES_AGGRESSIVE;
				GCC_WARN_UNUSED_FUNCTION = YES;
				GCC_WARN_UNUSED_VARIABLE = YES;
				MTL_ENABLE_DEBUG_INFO = NO;
				MTL_FAST_MATH = YES;
				PRODUCT_NAME = "$(TARGET_NAME)";
				SDKROOT = macosx;
				SWIFT_COMPILATION_MODE = wholemodule;
				SWIFT_OPTIMIZATION_LEVEL = "-O";
				SWIFT_VERSION = 5.0;
			};
			name = Release;
		};
		8CE2022B65D80F398B88F439 /* Release */ = {
			isa = XCBuildConfiguration;
			buildSettings = {
				BUNDLE_LOADER = "$(TEST_HOST)";
				COMBINE_HIDPI_IMAGES = YES;
				GENERATE_INFOPLIST_FILE = YES;
				LD_RUNPATH_SEARCH_PATHS = (
					"$(inherited)",
					"@executable_path/../Frameworks",
					"@loader_path/../Frameworks",
				);
				MACOSX_DEPLOYMENT_TARGET = 14.0;
				PRODUCT_BUNDLE_IDENTIFIER = com.phalanxduel.PhalanxDuelClientTests;
				SDKROOT = macosx;
				TEST_HOST = "$(BUILT_PRODUCTS_DIR)/PhalanxDuelClient.app/Contents/MacOS/PhalanxDuelClient";
			};
			name = Release;
		};
		91A1D16C809CAB51FBEDFAE2 /* Release */ = {
			isa = XCBuildConfiguration;
			buildSettings = {
				BUNDLE_LOADER = "$(TEST_HOST)";
				COMBINE_HIDPI_IMAGES = YES;
				GENERATE_INFOPLIST_FILE = YES;
				LD_RUNPATH_SEARCH_PATHS = (
					"$(inherited)",
					"@executable_path/Frameworks",
					"@loader_path/Frameworks",
				);
				MACOSX_DEPLOYMENT_TARGET = 14.0;
				PRODUCT_BUNDLE_IDENTIFIER = com.phalanxduel.PhalanxDuelClientUITests;
				SDKROOT = macosx;
				TEST_TARGET_NAME = PhalanxDuelClient;
			};
			name = Release;
		};
		99EE7BB7BAECBCA0F9652CC4 /* Debug */ = {
			isa = XCBuildConfiguration;
			buildSettings = {
				ALWAYS_SEARCH_USER_PATHS = NO;
				CLANG_ANALYZER_NONNULL = YES;
				CLANG_ANALYZER_NUMBER_OBJECT_CONVERSION = YES_AGGRESSIVE;
				CLANG_CXX_LANGUAGE_STANDARD = "gnu++14";
				CLANG_CXX_LIBRARY = "libc++";
				CLANG_ENABLE_MODULES = YES;
				CLANG_ENABLE_OBJC_ARC = YES;
				CLANG_ENABLE_OBJC_WEAK = YES;
				CLANG_WARN_BLOCK_CAPTURE_AUTORELEASING = YES;
				CLANG_WARN_BOOL_CONVERSION = YES;
				CLANG_WARN_COMMA = YES;
				CLANG_WARN_CONSTANT_CONVERSION = YES;
				CLANG_WARN_DEPRECATED_OBJC_IMPLEMENTATIONS = YES;
				CLANG_WARN_DIRECT_OBJC_ISA_USAGE = YES_ERROR;
				CLANG_WARN_DOCUMENTATION_COMMENTS = YES;
				CLANG_WARN_EMPTY_BODY = YES;
				CLANG_WARN_ENUM_CONVERSION = YES;
				CLANG_WARN_INFINITE_RECURSION = YES;
				CLANG_WARN_INT_CONVERSION = YES;
				CLANG_WARN_NON_LITERAL_NULL_CONVERSION = YES;
				CLANG_WARN_OBJC_IMPLICIT_RETAIN_SELF = YES;
				CLANG_WARN_OBJC_LITERAL_CONVERSION = YES;
				CLANG_WARN_OBJC_ROOT_CLASS = YES_ERROR;
				CLANG_WARN_QUOTED_INCLUDE_IN_FRAMEWORK_HEADER = YES;
				CLANG_WARN_RANGE_LOOP_ANALYSIS = YES;
				CLANG_WARN_STRICT_PROTOTYPES = YES;
				CLANG_WARN_SUSPICIOUS_MOVE = YES;
				CLANG_WARN_UNGUARDED_AVAILABILITY = YES_AGGRESSIVE;
				CLANG_WARN_UNREACHABLE_CODE = YES;
				CLANG_WARN__DUPLICATE_METHOD_MATCH = YES;
				COPY_PHASE_STRIP = NO;
				DEBUG_INFORMATION_FORMAT = dwarf;
				ENABLE_STRICT_OBJC_MSGSEND = YES;
				ENABLE_TESTABILITY = YES;
				GCC_C_LANGUAGE_STANDARD = gnu11;
				GCC_DYNAMIC_NO_PIC = NO;
				GCC_NO_COMMON_BLOCKS = YES;
				GCC_OPTIMIZATION_LEVEL = 0;
				GCC_PREPROCESSOR_DEFINITIONS = (
					"$(inherited)",
					"DEBUG=1",
				);
				GCC_WARN_64_TO_32_BIT_CONVERSION = YES;
				GCC_WARN_ABOUT_RETURN_TYPE = YES_ERROR;
				GCC_WARN_UNDECLARED_SELECTOR = YES;
				GCC_WARN_UNINITIALIZED_AUTOS = YES_AGGRESSIVE;
				GCC_WARN_UNUSED_FUNCTION = YES;
				GCC_WARN_UNUSED_VARIABLE = YES;
				MTL_ENABLE_DEBUG_INFO = INCLUDE_SOURCE;
				MTL_FAST_MATH = YES;
				ONLY_ACTIVE_ARCH = YES;
				PRODUCT_NAME = "$(TARGET_NAME)";
				SDKROOT = macosx;
				SWIFT_ACTIVE_COMPILATION_CONDITIONS = DEBUG;
				SWIFT_OPTIMIZATION_LEVEL = "-Onone";
				SWIFT_VERSION = 5.0;
			};
			name = Debug;
		};
		F79BB294BD3CD416260C6B9A /* Debug */ = {
			isa = XCBuildConfiguration;
			buildSettings = {
				BUNDLE_LOADER = "$(TEST_HOST)";
				COMBINE_HIDPI_IMAGES = YES;
				GENERATE_INFOPLIST_FILE = YES;
				LD_RUNPATH_SEARCH_PATHS = (
					"$(inherited)",
					"@executable_path/../Frameworks",
					"@loader_path/../Frameworks",
				);
				MACOSX_DEPLOYMENT_TARGET = 14.0;
				PRODUCT_BUNDLE_IDENTIFIER = com.phalanxduel.PhalanxDuelClientTests;
				SDKROOT = macosx;
				TEST_HOST = "$(BUILT_PRODUCTS_DIR)/PhalanxDuelClient.app/Contents/MacOS/PhalanxDuelClient";
			};
			name = Debug;
		};
/* End XCBuildConfiguration section */

/* Begin XCConfigurationList section */
		35B26D03B246CD7B591B6224 /* Build configuration list for PBXNativeTarget "PhalanxDuelClientTests" */ = {
			isa = XCConfigurationList;
			buildConfigurations = (
				F79BB294BD3CD416260C6B9A /* Debug */,
				8CE2022B65D80F398B88F439 /* Release */,
			);
			defaultConfigurationIsVisible = 0;
			defaultConfigurationName = Debug;
		};
		65A59B84F571D4BB579D2252 /* Build configuration list for PBXNativeTarget "PhalanxDuelClientUITests" */ = {
			isa = XCConfigurationList;
			buildConfigurations = (
				076CF2CF628849F2F826EDAF /* Debug */,
				91A1D16C809CAB51FBEDFAE2 /* Release */,
			);
			defaultConfigurationIsVisible = 0;
			defaultConfigurationName = Debug;
		};
		9119E93084C3FCE1DA4B912D /* Build configuration list for PBXNativeTarget "PhalanxDuelClient" */ = {
			isa = XCConfigurationList;
			buildConfigurations = (
				6DA8F7C9D881F1706AE88FAF /* Debug */,
				25071BC5D04677D24DE952B7 /* Release */,
			);
			defaultConfigurationIsVisible = 0;
			defaultConfigurationName = Debug;
		};
		E4A46F412B0E8B605CE55ED8 /* Build configuration list for PBXProject "PhalanxDuelClient" */ = {
			isa = XCConfigurationList;
			buildConfigurations = (
				99EE7BB7BAECBCA0F9652CC4 /* Debug */,
				79C2896248B3037CD11FF9E9 /* Release */,
			);
			defaultConfigurationIsVisible = 0;
			defaultConfigurationName = Debug;
		};
/* End XCConfigurationList section */

/* Begin XCRemoteSwiftPackageReference section */
		316E0C05087ABDEC370582D7 /* XCRemoteSwiftPackageReference "swift-snapshot-testing" */ = {
			isa = XCRemoteSwiftPackageReference;
			repositoryURL = "https://github.com/pointfreeco/swift-snapshot-testing.git";
			requirement = {
				kind = upToNextMajorVersion;
				minimumVersion = 1.17.5;
			};
		};
/* End XCRemoteSwiftPackageReference section */

/* Begin XCSwiftPackageProductDependency section */
		476C4094C223A550BE5C7743 /* SnapshotTesting */ = {
			isa = XCSwiftPackageProductDependency;
			package = 316E0C05087ABDEC370582D7 /* XCRemoteSwiftPackageReference "swift-snapshot-testing" */;
			productName = SnapshotTesting;
		};
/* End XCSwiftPackageProductDependency section */
	};
	rootObject = 036ACBE9AEBE9135C65E687F /* Project object */;
}
